// !$*UTF8*$!
{
	archiveVersion = 1;
	classes = {
	};
	objectVersion = 77;
	objects = {

/* Begin PBXBuildFile section */
		2718A0CC3012388B005A4135 /* WidgetKit.framework in Frameworks */ = {isa = PBXBuildFile; fileRef = 2718A0CB3012388B005A4135 /* WidgetKit.framework */; };
		2718A0CE3012388B005A4135 /* SwiftUI.framework in Frameworks */ = {isa = PBXBuildFile; fileRef = 2718A0CD3012388B005A4135 /* SwiftUI.framework */; };
		2718A0DB3012388E005A4135 /* SkyBuddiesWidgetExtension.appex in Embed Foundation Extensions */ = {isa = PBXBuildFile; fileRef = 2718A0C93012388B005A4135 /* SkyBuddiesWidgetExtension.appex */; settings = {ATTRIBUTES = (RemoveHeadersOnCopy, ); }; };
/* End PBXBuildFile section */

/* Begin PBXContainerItemProxy section */
		2718A0A330121489005A4135 /* PBXContainerItemProxy */ = {
			isa = PBXContainerItemProxy;
			containerPortal = 2718A08D30121487005A4135 /* Project object */;
			proxyType = 1;
			remoteGlobalIDString = 2718A09430121487005A4135;
			remoteInfo = SkyBuddies;
		};
		2718A0AD30121489005A4135 /* PBXContainerItemProxy */ = {
			isa = PBXContainerItemProxy;
			containerPortal = 2718A08D30121487005A4135 /* Project object */;
			proxyType = 1;
			remoteGlobalIDString = 2718A09430121487005A4135;
			remoteInfo = SkyBuddies;
		};
		2718A0D93012388E005A4135 /* PBXContainerItemProxy */ = {
			isa = PBXContainerItemProxy;
			containerPortal = 2718A08D30121487005A4135 /* Project object */;
			proxyType = 1;
			remoteGlobalIDString = 2718A0C83012388B005A4135;
			remoteInfo = SkyBuddiesWidgetExtension;
		};
/* End PBXContainerItemProxy section */

/* Begin PBXCopyFilesBuildPhase section */
		2718A0E03012388E005A4135 /* Embed Foundation Extensions */ = {
			isa = PBXCopyFilesBuildPhase;
			buildActionMask = 2147483647;
			dstPath = "";
			dstSubfolderSpec = 13;
			files = (
				2718A0DB3012388E005A4135 /* SkyBuddiesWidgetExtension.appex in Embed Foundation Extensions */,
			);
			name = "Embed Foundation Extensions";
			runOnlyForDeploymentPostprocessing = 0;
		};
/* End PBXCopyFilesBuildPhase section */

/* Begin PBXFileReference section */
		2718A09530121487005A4135 /* SkyBuddies.app */ = {isa = PBXFileReference; explicitFileType = wrapper.application; includeInIndex = 0; path = SkyBuddies.app; sourceTree = BUILT_PRODUCTS_DIR; };
		2718A0A230121489005A4135 /* SkyBuddiesTests.xctest */ = {isa = PBXFileReference; explicitFileType = wrapper.cfbundle; includeInIndex = 0; path = SkyBuddiesTests.xctest; sourceTree = BUILT_PRODUCTS_DIR; };
		2718A0AC30121489005A4135 /* SkyBuddiesUITests.xctest */ = {isa = PBXFileReference; explicitFileType = wrapper.cfbundle; includeInIndex = 0; path = SkyBuddiesUITests.xctest; sourceTree = BUILT_PRODUCTS_DIR; };
		2718A0C93012388B005A4135 /* SkyBuddiesWidgetExtension.appex */ = {isa = PBXFileReference; explicitFileType = "wrapper.app-extension"; includeInIndex = 0; path = SkyBuddiesWidgetExtension.appex; sourceTree = BUILT_PRODUCTS_DIR; };
		2718A0CB3012388B005A4135 /* WidgetKit.framework */ = {isa = PBXFileReference; lastKnownFileType = wrapper.framework; name = WidgetKit.framework; path = System/Library/Frameworks/WidgetKit.framework; sourceTree = SDKROOT; };
		2718A0CD3012388B005A4135 /* SwiftUI.framework */ = {isa = PBXFileReference; lastKnownFileType = wrapper.framework; name = SwiftUI.framework; path = System/Library/Frameworks/SwiftUI.framework; sourceTree = SDKROOT; };
		2718A0E230123964005A4135 /* SkyBuddiesWidgetExtension.entitlements */ = {isa = PBXFileReference; lastKnownFileType = text.plist.entitlements; path = SkyBuddiesWidgetExtension.entitlements; sourceTree = "<group>"; };
/* End PBXFileReference section */

/* Begin PBXFileSystemSynchronizedBuildFileExceptionSet section */
		2718A0DC3012388E005A4135 /* Exceptions for "SkyBuddiesWidget" folder in "SkyBuddiesWidgetExtension" target */ = {
			isa = PBXFileSystemSynchronizedBuildFileExceptionSet;
			membershipExceptions = (
				Info.plist,
			);
			target = 2718A0C83012388B005A4135 /* SkyBuddiesWidgetExtension */;
		};
/* End PBXFileSystemSynchronizedBuildFileExceptionSet section */

/* Begin PBXFileSystemSynchronizedRootGroup section */
		2718A09730121487005A4135 /* SkyBuddies */ = {
			isa = PBXFileSystemSynchronizedRootGroup;
			path = SkyBuddies;
			sourceTree = "<group>";
		};
		2718A0A530121489005A4135 /* SkyBuddiesTests */ = {
			isa = PBXFileSystemSynchronizedRootGroup;
			path = SkyBuddiesTests;
			sourceTree = "<group>";
		};
		2718A0AF30121489005A4135 /* SkyBuddiesUITests */ = {
			isa = PBXFileSystemSynchronizedRootGroup;
			path = SkyBuddiesUITests;
			sourceTree = "<group>";
		};
		2718A0CF3012388B005A4135 /* SkyBuddiesWidget */ = {
			isa = PBXFileSystemSynchronizedRootGroup;
			exceptions = (
				2718A0DC3012388E005A4135 /* Exceptions for "SkyBuddiesWidget" folder in "SkyBuddiesWidgetExtension" target */,
			);
			path = SkyBuddiesWidget;
			sourceTree = "<group>";
		};
/* End PBXFileSystemSynchronizedRootGroup section */

/* Begin PBXFrameworksBuildPhase section */
		2718A09230121487005A4135 /* Frameworks */ = {
			isa = PBXFrameworksBuildPhase;
			buildActionMask = 2147483647;
			files = (
			);
			runOnlyForDeploymentPostprocessing = 0;
		};
		2718A09F30121489005A4135 /* Frameworks */ = {
			isa = PBXFrameworksBuildPhase;
			buildActionMask = 2147483647;
			files = (
			);
			runOnlyForDeploymentPostprocessing = 0;
		};
		2718A0A930121489005A4135 /* Frameworks */ = {
			isa = PBXFrameworksBuildPhase;
			buildActionMask = 2147483647;
			files = (
			);
			runOnlyForDeploymentPostprocessing = 0;
		};
		2718A0C63012388B005A4135 /* Frameworks */ = {
			isa = PBXFrameworksBuildPhase;
			buildActionMask = 2147483647;
			files = (
				2718A0CE3012388B005A4135 /* SwiftUI.framework in Frameworks */,
				2718A0CC3012388B005A4135 /* WidgetKit.framework in Frameworks */,
			);
			runOnlyForDeploymentPostprocessing = 0;
		};
/* End PBXFrameworksBuildPhase section */

/* Begin PBXGroup section */
		2718A08C30121487005A4135 = {
			isa = PBXGroup;
			children = (
				2718A0E230123964005A4135 /* SkyBuddiesWidgetExtension.entitlements */,
				2718A09730121487005A4135 /* SkyBuddies */,
				2718A0A530121489005A4135 /* SkyBuddiesTests */,
				2718A0AF30121489005A4135 /* SkyBuddiesUITests */,
				2718A0CF3012388B005A4135 /* SkyBuddiesWidget */,
				2718A0CA3012388B005A4135 /* Frameworks */,
				2718A09630121487005A4135 /* Products */,
			);
			sourceTree = "<group>";
		};
		2718A09630121487005A4135 /* Products */ = {
			isa = PBXGroup;
			children = (
				2718A09530121487005A4135 /* SkyBuddies.app */,
				2718A0A230121489005A4135 /* SkyBuddiesTests.xctest */,
				2718A0AC30121489005A4135 /* SkyBuddiesUITests.xctest */,
				2718A0C93012388B005A4135 /* SkyBuddiesWidgetExtension.appex */,
			);
			name = Products;
			sourceTree = "<group>";
		};
		2718A0CA3012388B005A4135 /* Frameworks */ = {
			isa = PBXGroup;
			children = (
				2718A0CB3012388B005A4135 /* WidgetKit.framework */,
				2718A0CD3012388B005A4135 /* SwiftUI.framework */,
			);
			name = Frameworks;
			sourceTree = "<group>";
		};
/* End PBXGroup section */

/* Begin PBXNativeTarget section */
		2718A09430121487005A4135 /* SkyBuddies */ = {
			isa = PBXNativeTarget;
			buildConfigurationList = 2718A0B630121489005A4135 /* Build configuration list for PBXNativeTarget "SkyBuddies" */;
			buildPhases = (
				2718A09130121487005A4135 /* Sources */,
				2718A09230121487005A4135 /* Frameworks */,
				2718A09330121487005A4135 /* Resources */,
				2718A0E03012388E005A4135 /* Embed Foundation Extensions */,
			);
			buildRules = (
			);
			dependencies = (
				2718A0DA3012388E005A4135 /* PBXTargetDependency */,
			);
			fileSystemSynchronizedGroups = (
				2718A09730121487005A4135 /* SkyBuddies */,
			);
			name = SkyBuddies;
			packageProductDependencies = (
			);
			productName = SkyBuddies;
			productReference = 2718A09530121487005A4135 /* SkyBuddies.app */;
			productType = "com.apple.product-type.application";
		};
		2718A0A130121489005A4135 /* SkyBuddiesTests */ = {
			isa = PBXNativeTarget;
			buildConfigurationList = 2718A0B930121489005A4135 /* Build configuration list for PBXNativeTarget "SkyBuddiesTests" */;
			buildPhases = (
				2718A09E30121489005A4135 /* Sources */,
				2718A09F30121489005A4135 /* Frameworks */,
				2718A0A030121489005A4135 /* Resources */,
			);
			buildRules = (
			);
			dependencies = (
				2718A0A430121489005A4135 /* PBXTargetDependency */,
			);
			fileSystemSynchronizedGroups = (
				2718A0A530121489005A4135 /* SkyBuddiesTests */,
			);
			name = SkyBuddiesTests;
			packageProductDependencies = (
			);
			productName = SkyBuddiesTests;
			productReference = 2718A0A230121489005A4135 /* SkyBuddiesTests.xctest */;
			productType = "com.apple.product-type.bundle.unit-test";
		};
		2718A0AB30121489005A4135 /* SkyBuddiesUITests */ = {
			isa = PBXNativeTarget;
			buildConfigurationList = 2718A0BC30121489005A4135 /* Build configuration list for PBXNativeTarget "SkyBuddiesUITests" */;
			buildPhases = (
				2718A0A830121489005A4135 /* Sources */,
				2718A0A930121489005A4135 /* Frameworks */,
				2718A0AA30121489005A4135 /* Resources */,
			);
			buildRules = (
			);
			dependencies = (
				2718A0AE30121489005A4135 /* PBXTargetDependency */,
			);
			fileSystemSynchronizedGroups = (
				2718A0AF30121489005A4135 /* SkyBuddiesUITests */,
			);
			name = SkyBuddiesUITests;
			packageProductDependencies = (
			);
			productName = SkyBuddiesUITests;
			productReference = 2718A0AC30121489005A4135 /* SkyBuddiesUITests.xctest */;
			productType = "com.apple.product-type.bundle.ui-testing";
		};
		2718A0C83012388B005A4135 /* SkyBuddiesWidgetExtension */ = {
			isa = PBXNativeTarget;
			buildConfigurationList = 2718A0DD3012388E005A4135 /* Build configuration list for PBXNativeTarget "SkyBuddiesWidgetExtension" */;
			buildPhases = (
				2718A0C53012388B005A4135 /* Sources */,
				2718A0C63012388B005A4135 /* Frameworks */,
				2718A0C73012388B005A4135 /* Resources */,
			);
			buildRules = (
			);
			dependencies = (
			);
			fileSystemSynchronizedGroups = (
				2718A0CF3012388B005A4135 /* SkyBuddiesWidget */,
			);
			name = SkyBuddiesWidgetExtension;
			packageProductDependencies = (
			);
			productName = SkyBuddiesWidgetExtension;
			productReference = 2718A0C93012388B005A4135 /* SkyBuddiesWidgetExtension.appex */;
			productType = "com.apple.product-type.app-extension";
		};
/* End PBXNativeTarget section */

/* Begin PBXProject section */
		2718A08D30121487005A4135 /* Project object */ = {
			isa = PBXProject;
			attributes = {
				BuildIndependentTargetsInParallel = 1;
				LastSwiftUpdateCheck = 2660;
				LastUpgradeCheck = 2660;
				TargetAttributes = {
					2718A09430121487005A4135 = {
						CreatedOnToolsVersion = 26.6;
					};
					2718A0A130121489005A4135 = {
						CreatedOnToolsVersion = 26.6;
						TestTargetID = 2718A09430121487005A4135;
					};
					2718A0AB30121489005A4135 = {
						CreatedOnToolsVersion = 26.6;
						TestTargetID = 2718A09430121487005A4135;
					};
					2718A0C83012388B005A4135 = {
						CreatedOnToolsVersion = 26.6;
					};
				};
			};
			buildConfigurationList = 2718A09030121487005A4135 /* Build configuration list for PBXProject "SkyBuddies" */;
			developmentRegion = en;
			hasScannedForEncodings = 0;
			knownRegions = (
				en,
				Base,
			);
			mainGroup = 2718A08C30121487005A4135;
			minimizedProjectReferenceProxies = 1;
			preferredProjectObjectVersion = 77;
			productRefGroup = 2718A09630121487005A4135 /* Products */;
			projectDirPath = "";
			projectRoot = "";
			targets = (
				2718A09430121487005A4135 /* SkyBuddies */,
				2718A0A130121489005A4135 /* SkyBuddiesTests */,
				2718A0AB30121489005A4135 /* SkyBuddiesUITests */,
				2718A0C83012388B005A4135 /* SkyBuddiesWidgetExtension */,
			);
		};
/* End PBXProject section */

/* Begin PBXResourcesBuildPhase section */
		2718A09330121487005A4135 /* Resources */ = {
			isa = PBXResourcesBuildPhase;
			buildActionMask = 2147483647;
			files = (
			);
			runOnlyForDeploymentPostprocessing = 0;
		};
		2718A0A030121489005A4135 /* Resources */ = {
			isa = PBXResourcesBuildPhase;
			buildActionMask = 2147483647;
			files = (
			);
			runOnlyForDeploymentPostprocessing = 0;
		};
		2718A0AA30121489005A4135 /* Resources */ = {
			isa = PBXResourcesBuildPhase;
			buildActionMask = 2147483647;
			files = (
			);
			runOnlyForDeploymentPostprocessing = 0;
		};
		2718A0C73012388B005A4135 /* Resources */ = {
			isa = PBXResourcesBuildPhase;
			buildActionMask = 2147483647;
			files = (
			);
			runOnlyForDeploymentPostprocessing = 0;
		};
/* End PBXResourcesBuildPhase section */

/* Begin PBXSourcesBuildPhase section */
		2718A09130121487005A4135 /* Sources */ = {
			isa = PBXSourcesBuildPhase;
			buildActionMask = 2147483647;
			files = (
			);
			runOnlyForDeploymentPostprocessing = 0;
		};
		2718A09E30121489005A4135 /* Sources */ = {
			isa = PBXSourcesBuildPhase;
			buildActionMask = 2147483647;
			files = (
			);
			runOnlyForDeploymentPostprocessing = 0;
		};
		2718A0A830121489005A4135 /* Sources */ = {
			isa = PBXSourcesBuildPhase;
			buildActionMask = 2147483647;
			files = (
			);
			runOnlyForDeploymentPostprocessing = 0;
		};
		2718A0C53012388B005A4135 /* Sources */ = {
			isa = PBXSourcesBuildPhase;
			buildActionMask = 2147483647;
			files = (
			);
			runOnlyForDeploymentPostprocessing = 0;
		};
/* End PBXSourcesBuildPhase section */

/* Begin PBXTargetDependency section */
		2718A0A430121489005A4135 /* PBXTargetDependency */ = {
			isa = PBXTargetDependency;
			target = 2718A09430121487005A4135 /* SkyBuddies */;
			targetProxy = 2718A0A330121489005A4135 /* PBXContainerItemProxy */;
		};
		2718A0AE30121489005A4135 /* PBXTargetDependency */ = {
			isa = PBXTargetDependency;
			target = 2718A09430121487005A4135 /* SkyBuddies */;
			targetProxy = 2718A0AD30121489005A4135 /* PBXContainerItemProxy */;
		};
		2718A0DA3012388E005A4135 /* PBXTargetDependency */ = {
			isa = PBXTargetDependency;
			target = 2718A0C83012388B005A4135 /* SkyBuddiesWidgetExtension */;
			targetProxy = 2718A0D93012388E005A4135 /* PBXContainerItemProxy */;
		};
/* End PBXTargetDependency section */

/* Begin XCBuildConfiguration section */
		2718A0B430121489005A4135 /* Debug */ = {
			isa = XCBuildConfiguration;
			buildSettings = {
				ALWAYS_SEARCH_USER_PATHS = NO;
				ASSETCATALOG_COMPILER_GENERATE_SWIFT_ASSET_SYMBOL_EXTENSIONS = YES;
				CLANG_ANALYZER_NONNULL = YES;
				CLANG_ANALYZER_NUMBER_OBJECT_CONVERSION = YES_AGGRESSIVE;
				CLANG_CXX_LANGUAGE_STANDARD = "gnu++20";
				CLANG_ENABLE_MODULES = YES;
				CLANG_ENABLE_OBJC_ARC = YES;
				CLANG_ENABLE_OBJC_WEAK = YES;
				CLANG_WARN_BLOCK_CAPTURE_AUTORELEASING = YES;
				CLANG_WARN_BOOL_CONVERSION = YES;
				CLANG_WARN_COMMA = YES;
				CLANG_WARN_CONSTANT_CONVERSION = YES;
				CLANG_WARN_DEPRECATED_OBJC_IMPLEMENTATIONS = YES;
				CLANG_WARN_DIRECT_OBJC_ISA_USAGE = YES_ERROR;
				CLANG_WARN_DOCUMENTATION_COMMENTS = YES;
				CLANG_WARN_EMPTY_BODY = YES;
				CLANG_WARN_ENUM_CONVERSION = YES;
				CLANG_WARN_INFINITE_RECURSION = YES;
				CLANG_WARN_INT_CONVERSION = YES;
				CLANG_WARN_NON_LITERAL_NULL_CONVERSION = YES;
				CLANG_WARN_OBJC_IMPLICIT_RETAIN_SELF = YES;
				CLANG_WARN_OBJC_LITERAL_CONVERSION = YES;
				CLANG_WARN_OBJC_ROOT_CLASS = YES_ERROR;
				CLANG_WARN_QUOTED_INCLUDE_IN_FRAMEWORK_HEADER = YES;
				CLANG_WARN_RANGE_LOOP_ANALYSIS = YES;
				CLANG_WARN_STRICT_PROTOTYPES = YES;
				CLANG_WARN_SUSPICIOUS_MOVE = YES;
				CLANG_WARN_UNGUARDED_AVAILABILITY = YES_AGGRESSIVE;
				CLANG_WARN_UNREACHABLE_CODE = YES;
				CLANG_WARN__DUPLICATE_METHOD_MATCH = YES;
				COPY_PHASE_STRIP = NO;
				DEBUG_INFORMATION_FORMAT = dwarf;
				DEVELOPMENT_TEAM = 3253F3AX7M;
				ENABLE_STRICT_OBJC_MSGSEND = YES;
				ENABLE_TESTABILITY = YES;
				ENABLE_USER_SCRIPT_SANDBOXING = YES;
				GCC_C_LANGUAGE_STANDARD = gnu17;
				GCC_DYNAMIC_NO_PIC = NO;
				GCC_NO_COMMON_BLOCKS = YES;
				GCC_OPTIMIZATION_LEVEL = 0;
				GCC_PREPROCESSOR_DEFINITIONS = (
					"DEBUG=1",
					"$(inherited)",
				);
				GCC_WARN_64_TO_32_BIT_CONVERSION = YES;
				GCC_WARN_ABOUT_RETURN_TYPE = YES_ERROR;
				GCC_WARN_UNDECLARED_SELECTOR = YES;
				GCC_WARN_UNINITIALIZED_AUTOS = YES_AGGRESSIVE;
				GCC_WARN_UNUSED_FUNCTION = YES;
				GCC_WARN_UNUSED_VARIABLE = YES;
				IPHONEOS_DEPLOYMENT_TARGET = 26.5;
				LOCALIZATION_PREFERS_STRING_CATALOGS = YES;
				MTL_ENABLE_DEBUG_INFO = INCLUDE_SOURCE;
				MTL_FAST_MATH = YES;
				ONLY_ACTIVE_ARCH = YES;
				SDKROOT = iphoneos;
				SWIFT_ACTIVE_COMPILATION_CONDITIONS = "DEBUG $(inherited)";
				SWIFT_OPTIMIZATION_LEVEL = "-Onone";
			};
			name = Debug;
		};
		2718A0B530121489005A4135 /* Release */ = {
			isa = XCBuildConfiguration;
			buildSettings = {
				ALWAYS_SEARCH_USER_PATHS = NO;
				ASSETCATALOG_COMPILER_GENERATE_SWIFT_ASSET_SYMBOL_EXTENSIONS = YES;
				CLANG_ANALYZER_NONNULL = YES;
				CLANG_ANALYZER_NUMBER_OBJECT_CONVERSION = YES_AGGRESSIVE;
				CLANG_CXX_LANGUAGE_STANDARD = "gnu++20";
				CLANG_ENABLE_MODULES = YES;
				CLANG_ENABLE_OBJC_ARC = YES;
				CLANG_ENABLE_OBJC_WEAK = YES;
				CLANG_WARN_BLOCK_CAPTURE_AUTORELEASING = YES;
				CLANG_WARN_BOOL_CONVERSION = YES;
				CLANG_WARN_COMMA = YES;
				CLANG_WARN_CONSTANT_CONVERSION = YES;
				CLANG_WARN_DEPRECATED_OBJC_IMPLEMENTATIONS = YES;
				CLANG_WARN_DIRECT_OBJC_ISA_USAGE = YES_ERROR;
				CLANG_WARN_DOCUMENTATION_COMMENTS = YES;
				CLANG_WARN_EMPTY_BODY = YES;
				CLANG_WARN_ENUM_CONVERSION = YES;
				CLANG_WARN_INFINITE_RECURSION = YES;
				CLANG_WARN_INT_CONVERSION = YES;
				CLANG_WARN_NON_LITERAL_NULL_CONVERSION = YES;
				CLANG_WARN_OBJC_IMPLICIT_RETAIN_SELF = YES;
				CLANG_WARN_OBJC_LITERAL_CONVERSION = YES;
				CLANG_WARN_OBJC_ROOT_CLASS = YES_ERROR;
				CLANG_WARN_QUOTED_INCLUDE_IN_FRAMEWORK_HEADER = YES;
				CLANG_WARN_RANGE_LOOP_ANALYSIS = YES;
				CLANG_WARN_STRICT_PROTOTYPES = YES;
				CLANG_WARN_SUSPICIOUS_MOVE = YES;
				CLANG_WARN_UNGUARDED_AVAILABILITY = YES_AGGRESSIVE;
				CLANG_WARN_UNREACHABLE_CODE = YES;
				CLANG_WARN__DUPLICATE_METHOD_MATCH = YES;
				COPY_PHASE_STRIP = NO;
				DEBUG_INFORMATION_FORMAT = "dwarf-with-dsym";
				DEVELOPMENT_TEAM = 3253F3AX7M;
				ENABLE_NS_ASSERTIONS = NO;
				ENABLE_STRICT_OBJC_MSGSEND = YES;
				ENABLE_USER_SCRIPT_SANDBOXING = YES;
				GCC_C_LANGUAGE_STANDARD = gnu17;
				GCC_NO_COMMON_BLOCKS = YES;
				GCC_WARN_64_TO_32_BIT_CONVERSION = YES;
				GCC_WARN_ABOUT_RETURN_TYPE = YES_ERROR;
				GCC_WARN_UNDECLARED_SELECTOR = YES;
				GCC_WARN_UNINITIALIZED_AUTOS = YES_AGGRESSIVE;
				GCC_WARN_UNUSED_FUNCTION = YES;
				GCC_WARN_UNUSED_VARIABLE = YES;
				IPHONEOS_DEPLOYMENT_TARGET = 26.5;
				LOCALIZATION_PREFERS_STRING_CATALOGS = YES;
				MTL_ENABLE_DEBUG_INFO = NO;
				MTL_FAST_MATH = YES;
				SDKROOT = iphoneos;
				SWIFT_COMPILATION_MODE = wholemodule;
				VALIDATE_PRODUCT = YES;
			};
			name = Release;
		};
		2718A0B730121489005A4135 /* Debug */ = {
			isa = XCBuildConfiguration;
			buildSettings = {
				ASSETCATALOG_COMPILER_APPICON_NAME = AppIcon;
				ASSETCATALOG_COMPILER_GLOBAL_ACCENT_COLOR_NAME = AccentColor;
				CODE_SIGN_ENTITLEMENTS = SkyBuddies/SkyBuddies.entitlements;
				CODE_SIGN_STYLE = Automatic;
				CURRENT_PROJECT_VERSION = 1;
				DEVELOPMENT_TEAM = 3253F3AX7M;
				ENABLE_PREVIEWS = YES;
				GENERATE_INFOPLIST_FILE = YES;
				INFOPLIST_KEY_UIApplicationSceneManifest_Generation = YES;
				INFOPLIST_KEY_UIApplicationSupportsIndirectInputEvents = YES;
				INFOPLIST_KEY_UILaunchScreen_Generation = YES;
				INFOPLIST_KEY_UISupportedInterfaceOrientations_iPad = "UIInterfaceOrientationPortrait UIInterfaceOrientationPortraitUpsideDown UIInterfaceOrientationLandscapeLeft UIInterfaceOrientationLandscapeRight";
				INFOPLIST_KEY_UISupportedInterfaceOrientations_iPhone = "UIInterfaceOrientationPortrait UIInterfaceOrientationLandscapeLeft UIInterfaceOrientationLandscapeRight";
				IPHONEOS_DEPLOYMENT_TARGET = 17.0;
				LD_RUNPATH_SEARCH_PATHS = (
					"$(inherited)",
					"@executable_path/Frameworks",
				);
				MARKETING_VERSION = 1.0;
				PRODUCT_BUNDLE_IDENTIFIER = ru.hashier.SkyBuddies;
				PRODUCT_NAME = "$(TARGET_NAME)";
				STRING_CATALOG_GENERATE_SYMBOLS = YES;
				SWIFT_APPROACHABLE_CONCURRENCY = YES;
				SWIFT_DEFAULT_ACTOR_ISOLATION = MainActor;
				SWIFT_EMIT_LOC_STRINGS = YES;
				SWIFT_UPCOMING_FEATURE_MEMBER_IMPORT_VISIBILITY = YES;
				SWIFT_VERSION = 5.0;
				TARGETED_DEVICE_FAMILY = "1,2";
			};
			name = Debug;
		};
		2718A0B830121489005A4135 /* Release */ = {
			isa = XCBuildConfiguration;
			buildSettings = {
				ASSETCATALOG_COMPILER_APPICON_NAME = AppIcon;
				ASSETCATALOG_COMPILER_GLOBAL_ACCENT_COLOR_NAME = AccentColor;
				CODE_SIGN_ENTITLEMENTS = SkyBuddies/SkyBuddies.entitlements;
				CODE_SIGN_STYLE = Automatic;
				CURRENT_PROJECT_VERSION = 1;
				DEVELOPMENT_TEAM = 3253F3AX7M;
				ENABLE_PREVIEWS = YES;
				GENERATE_INFOPLIST_FILE = YES;
				INFOPLIST_KEY_UIApplicationSceneManifest_Generation = YES;
				INFOPLIST_KEY_UIApplicationSupportsIndirectInputEvents = YES;
				INFOPLIST_KEY_UILaunchScreen_Generation = YES;
				INFOPLIST_KEY_UISupportedInterfaceOrientations_iPad = "UIInterfaceOrientationPortrait UIInterfaceOrientationPortraitUpsideDown UIInterfaceOrientationLandscapeLeft UIInterfaceOrientationLandscapeRight";
				INFOPLIST_KEY_UISupportedInterfaceOrientations_iPhone = "UIInterfaceOrientationPortrait UIInterfaceOrientationLandscapeLeft UIInterfaceOrientationLandscapeRight";
				IPHONEOS_DEPLOYMENT_TARGET = 17.0;
				LD_RUNPATH_SEARCH_PATHS = (
					"$(inherited)",
					"@executable_path/Frameworks",
				);
				MARKETING_VERSION = 1.0;
				PRODUCT_BUNDLE_IDENTIFIER = ru.hashier.SkyBuddies;
				PRODUCT_NAME = "$(TARGET_NAME)";
				STRING_CATALOG_GENERATE_SYMBOLS = YES;
				SWIFT_APPROACHABLE_CONCURRENCY = YES;
				SWIFT_DEFAULT_ACTOR_ISOLATION = MainActor;
				SWIFT_EMIT_LOC_STRINGS = YES;
				SWIFT_UPCOMING_FEATURE_MEMBER_IMPORT_VISIBILITY = YES;
				SWIFT_VERSION = 5.0;
				TARGETED_DEVICE_FAMILY = "1,2";
			};
			name = Release;
		};
		2718A0BA30121489005A4135 /* Debug */ = {
			isa = XCBuildConfiguration;
			buildSettings = {
				BUNDLE_LOADER = "$(TEST_HOST)";
				CODE_SIGN_STYLE = Automatic;
				CURRENT_PROJECT_VERSION = 1;
				DEVELOPMENT_TEAM = 3253F3AX7M;
				GENERATE_INFOPLIST_FILE = YES;
				IPHONEOS_DEPLOYMENT_TARGET = 26.5;
				MARKETING_VERSION = 1.0;
				PRODUCT_BUNDLE_IDENTIFIER = ru.hashier.SkyBuddiesTests;
				PRODUCT_NAME = "$(TARGET_NAME)";
				STRING_CATALOG_GENERATE_SYMBOLS = NO;
				SWIFT_APPROACHABLE_CONCURRENCY = YES;
				SWIFT_EMIT_LOC_STRINGS = NO;
				SWIFT_UPCOMING_FEATURE_MEMBER_IMPORT_VISIBILITY = YES;
				SWIFT_VERSION = 5.0;
				TARGETED_DEVICE_FAMILY = "1,2";
				TEST_HOST = "$(BUILT_PRODUCTS_DIR)/SkyBuddies.app/$(BUNDLE_EXECUTABLE_FOLDER_PATH)/SkyBuddies";
			};
			name = Debug;
		};
		2718A0BB30121489005A4135 /* Release */ = {
			isa = XCBuildConfiguration;
			buildSettings = {
				BUNDLE_LOADER = "$(TEST_HOST)";
				CODE_SIGN_STYLE = Automatic;
				CURRENT_PROJECT_VERSION = 1;
				DEVELOPMENT_TEAM = 3253F3AX7M;
				GENERATE_INFOPLIST_FILE = YES;
				IPHONEOS_DEPLOYMENT_TARGET = 26.5;
				MARKETING_VERSION = 1.0;
				PRODUCT_BUNDLE_IDENTIFIER = ru.hashier.SkyBuddiesTests;
				PRODUCT_NAME = "$(TARGET_NAME)";
				STRING_CATALOG_GENERATE_SYMBOLS = NO;
				SWIFT_APPROACHABLE_CONCURRENCY = YES;
				SWIFT_EMIT_LOC_STRINGS = NO;
				SWIFT_UPCOMING_FEATURE_MEMBER_IMPORT_VISIBILITY = YES;
				SWIFT_VERSION = 5.0;
				TARGETED_DEVICE_FAMILY = "1,2";
				TEST_HOST = "$(BUILT_PRODUCTS_DIR)/SkyBuddies.app/$(BUNDLE_EXECUTABLE_FOLDER_PATH)/SkyBuddies";
			};
			name = Release;
		};
		2718A0BD30121489005A4135 /* Debug */ = {
			isa = XCBuildConfiguration;
			buildSettings = {
				CODE_SIGN_STYLE = Automatic;
				CURRENT_PROJECT_VERSION = 1;
				DEVELOPMENT_TEAM = 3253F3AX7M;
				GENERATE_INFOPLIST_FILE = YES;
				MARKETING_VERSION = 1.0;
				PRODUCT_BUNDLE_IDENTIFIER = ru.hashier.SkyBuddiesUITests;
				PRODUCT_NAME = "$(TARGET_NAME)";
				STRING_CATALOG_GENERATE_SYMBOLS = NO;
				SWIFT_APPROACHABLE_CONCURRENCY = YES;
				SWIFT_EMIT_LOC_STRINGS = NO;
				SWIFT_UPCOMING_FEATURE_MEMBER_IMPORT_VISIBILITY = YES;
				SWIFT_VERSION = 5.0;
				TARGETED_DEVICE_FAMILY = "1,2";
				TEST_TARGET_NAME = SkyBuddies;
			};
			name = Debug;
		};
		2718A0BE30121489005A4135 /* Release */ = {
			isa = XCBuildConfiguration;
			buildSettings = {
				CODE_SIGN_STYLE = Automatic;
				CURRENT_PROJECT_VERSION = 1;
				DEVELOPMENT_TEAM = 3253F3AX7M;
				GENERATE_INFOPLIST_FILE = YES;
				MARKETING_VERSION = 1.0;
				PRODUCT_BUNDLE_IDENTIFIER = ru.hashier.SkyBuddiesUITests;
				PRODUCT_NAME = "$(TARGET_NAME)";
				STRING_CATALOG_GENERATE_SYMBOLS = NO;
				SWIFT_APPROACHABLE_CONCURRENCY = YES;
				SWIFT_EMIT_LOC_STRINGS = NO;
				SWIFT_UPCOMING_FEATURE_MEMBER_IMPORT_VISIBILITY = YES;
				SWIFT_VERSION = 5.0;
				TARGETED_DEVICE_FAMILY = "1,2";
				TEST_TARGET_NAME = SkyBuddies;
			};
			name = Release;
		};
		2718A0DE3012388E005A4135 /* Debug */ = {
			isa = XCBuildConfiguration;
			buildSettings = {
				ASSETCATALOG_COMPILER_GLOBAL_ACCENT_COLOR_NAME = AccentColor;
				ASSETCATALOG_COMPILER_WIDGET_BACKGROUND_COLOR_NAME = WidgetBackground;
				CODE_SIGN_ENTITLEMENTS = SkyBuddiesWidgetExtension.entitlements;
				CODE_SIGN_STYLE = Automatic;
				CURRENT_PROJECT_VERSION = 1;
				DEVELOPMENT_TEAM = 3253F3AX7M;
				GENERATE_INFOPLIST_FILE = YES;
				INFOPLIST_FILE = SkyBuddiesWidget/Info.plist;
				INFOPLIST_KEY_CFBundleDisplayName = SkyBuddiesWidget;
				INFOPLIST_KEY_NSHumanReadableCopyright = "";
				IPHONEOS_DEPLOYMENT_TARGET = 17.6;
				LD_RUNPATH_SEARCH_PATHS = (
					"$(inherited)",
					"@executable_path/Frameworks",
					"@executable_path/../../Frameworks",
				);
				MARKETING_VERSION = 1.0;
				PRODUCT_BUNDLE_IDENTIFIER = ru.hashier.SkyBuddies.SkyBuddiesWidget;
				PRODUCT_NAME = "$(TARGET_NAME)";
				SKIP_INSTALL = YES;
				STRING_CATALOG_GENERATE_SYMBOLS = YES;
				SWIFT_APPROACHABLE_CONCURRENCY = YES;
				SWIFT_EMIT_LOC_STRINGS = YES;
				SWIFT_UPCOMING_FEATURE_MEMBER_IMPORT_VISIBILITY = YES;
				SWIFT_VERSION = 5.0;
				TARGETED_DEVICE_FAMILY = "1,2";
			};
			name = Debug;
		};
		2718A0DF3012388E005A4135 /* Release */ = {
			isa = XCBuildConfiguration;
			buildSettings = {
				ASSETCATALOG_COMPILER_GLOBAL_ACCENT_COLOR_NAME = AccentColor;
				ASSETCATALOG_COMPILER_WIDGET_BACKGROUND_COLOR_NAME = WidgetBackground;
				CODE_SIGN_ENTITLEMENTS = SkyBuddiesWidgetExtension.entitlements;
				CODE_SIGN_STYLE = Automatic;
				CURRENT_PROJECT_VERSION = 1;
				DEVELOPMENT_TEAM = 3253F3AX7M;
				GENERATE_INFOPLIST_FILE = YES;
				INFOPLIST_FILE = SkyBuddiesWidget/Info.plist;
				INFOPLIST_KEY_CFBundleDisplayName = SkyBuddiesWidget;
				INFOPLIST_KEY_NSHumanReadableCopyright = "";
				IPHONEOS_DEPLOYMENT_TARGET = 17.6;
				LD_RUNPATH_SEARCH_PATHS = (
					"$(inherited)",
					"@executable_path/Frameworks",
					"@executable_path/../../Frameworks",
				);
				MARKETING_VERSION = 1.0;
				PRODUCT_BUNDLE_IDENTIFIER = ru.hashier.SkyBuddies.SkyBuddiesWidget;
				PRODUCT_NAME = "$(TARGET_NAME)";
				SKIP_INSTALL = YES;
				STRING_CATALOG_GENERATE_SYMBOLS = YES;
				SWIFT_APPROACHABLE_CONCURRENCY = YES;
				SWIFT_EMIT_LOC_STRINGS = YES;
				SWIFT_UPCOMING_FEATURE_MEMBER_IMPORT_VISIBILITY = YES;
				SWIFT_VERSION = 5.0;
				TARGETED_DEVICE_FAMILY = "1,2";
			};
			name = Release;
		};
/* End XCBuildConfiguration section */

/* Begin XCConfigurationList section */
		2718A09030121487005A4135 /* Build configuration list for PBXProject "SkyBuddies" */ = {
			isa = XCConfigurationList;
			buildConfigurations = (
				2718A0B430121489005A4135 /* Debug */,
				2718A0B530121489005A4135 /* Release */,
			);
			defaultConfigurationIsVisible = 0;
			defaultConfigurationName = Release;
		};
		2718A0B630121489005A4135 /* Build configuration list for PBXNativeTarget "SkyBuddies" */ = {
			isa = XCConfigurationList;
			buildConfigurations = (
				2718A0B730121489005A4135 /* Debug */,
				2718A0B830121489005A4135 /* Release */,
			);
			defaultConfigurationIsVisible = 0;
			defaultConfigurationName = Release;
		};
		2718A0B930121489005A4135 /* Build configuration list for PBXNativeTarget "SkyBuddiesTests" */ = {
			isa = XCConfigurationList;
			buildConfigurations = (
				2718A0BA30121489005A4135 /* Debug */,
				2718A0BB30121489005A4135 /* Release */,
			);
			defaultConfigurationIsVisible = 0;
			defaultConfigurationName = Release;
		};
		2718A0BC30121489005A4135 /* Build configuration list for PBXNativeTarget "SkyBuddiesUITests" */ = {
			isa = XCConfigurationList;
			buildConfigurations = (
				2718A0BD30121489005A4135 /* Debug */,
				2718A0BE30121489005A4135 /* Release */,
			);
			defaultConfigurationIsVisible = 0;
			defaultConfigurationName = Release;
		};
		2718A0DD3012388E005A4135 /* Build configuration list for PBXNativeTarget "SkyBuddiesWidgetExtension" */ = {
			isa = XCConfigurationList;
			buildConfigurations = (
				2718A0DE3012388E005A4135 /* Debug */,
				2718A0DF3012388E005A4135 /* Release */,
			);
			defaultConfigurationIsVisible = 0;
			defaultConfigurationName = Release;
		};
/* End XCConfigurationList section */
	};
	rootObject = 2718A08D30121487005A4135 /* Project object */;
}
